// !$*UTF8*$!
{
	archiveVersion = 1;
	classes = {
	};
	objectVersion = 55;
	objects = {

/* Begin PBXBuildFile section */
		B12EF047926E0AF415AF61BE /* Pods_FlashCa.framework in Frameworks */ = {isa = PBXBuildFile; fileRef = FE890BFF8224A7837BB7FF13 /* Pods_FlashCa.framework */; };
		E80BA3D228FC86E90044BDD2 /* MainView.swift in Sources */ = {isa = PBXBuildFile; fileRef = E80BA3D128FC86E90044BDD2 /* MainView.swift */; };
		E816C65F2979466A002F3D62 /* StorageManager.swift in Sources */ = {isa = PBXBuildFile; fileRef = E816C65E2979466A002F3D62 /* StorageManager.swift */; };
		E816C662297946D7002F3D62 /* Category.swift in Sources */ = {isa = PBXBuildFile; fileRef = E816C661297946D7002F3D62 /* Category.swift */; };
		E816C664297946E4002F3D62 /* Card.swift in Sources */ = {isa = PBXBuildFile; fileRef = E816C663297946E4002F3D62 /* Card.swift */; };
		E8419E5028FC693C0069B2A4 /* SettingsController.swift in Sources */ = {isa = PBXBuildFile; fileRef = E8419E4F28FC693B0069B2A4 /* SettingsController.swift */; };
		E84251B82968BD21005F7BCB /* SettingsView.swift in Sources */ = {isa = PBXBuildFile; fileRef = E84251B72968BD21005F7BCB /* SettingsView.swift */; };
		E84251BA2968BDDB005F7BCB /* SettingsTVCell.swift in Sources */ = {isa = PBXBuildFile; fileRef = E84251B92968BDDB005F7BCB /* SettingsTVCell.swift */; };
		E84A9BC8296F27F10036B3BF /* RandomFlashView.swift in Sources */ = {isa = PBXBuildFile; fileRef = E84A9BC7296F27F10036B3BF /* RandomFlashView.swift */; };
		E84ACE37297339920060AA95 /* CategoriesView.swift in Sources */ = {isa = PBXBuildFile; fileRef = E84ACE36297339920060AA95 /* CategoriesView.swift */; };
		E84ACE3929733C2C0060AA95 /* LeftAlignedCollectionViewFlowLayout.swift in Sources */ = {isa = PBXBuildFile; fileRef = E84ACE3829733C2C0060AA95 /* LeftAlignedCollectionViewFlowLayout.swift */; };
		E84ACE3B29733CC70060AA95 /* CategoriesCollectionViewCell.swift in Sources */ = {isa = PBXBuildFile; fileRef = E84ACE3A29733CC70060AA95 /* CategoriesCollectionViewCell.swift */; };
		E84C1415296C742D0088EE43 /* Resources.swift in Sources */ = {isa = PBXBuildFile; fileRef = E84C1414296C742D0088EE43 /* Resources.swift */; };
		E85CC9B6297F1AFA00C774D5 /* SoloCategoryController.swift in Sources */ = {isa = PBXBuildFile; fileRef = E85CC9B5297F1AFA00C774D5 /* SoloCategoryController.swift */; };
		E85CC9B8297F1B0A00C774D5 /* SoloCategoryView.swift in Sources */ = {isa = PBXBuildFile; fileRef = E85CC9B7297F1B0A00C774D5 /* SoloCategoryView.swift */; };
		E8849CDE2977EE5200CC414B /* ImageButton.swift in Sources */ = {isa = PBXBuildFile; fileRef = E8849CDD2977EE5200CC414B /* ImageButton.swift */; };
		E88E6CCC296ABADD007B86E1 /* CategoriesController.swift in Sources */ = {isa = PBXBuildFile; fileRef = E88E6CCB296ABADD007B86E1 /* CategoriesController.swift */; };
		E8F032AD296D6B950013E895 /* WelcomeView.swift in Sources */ = {isa = PBXBuildFile; fileRef = E8F032AC296D6B950013E895 /* WelcomeView.swift */; };
		E8F032B0296D6FD20013E895 /* CurrentCategoryButton.swift in Sources */ = {isa = PBXBuildFile; fileRef = E8F032AF296D6FD20013E895 /* CurrentCategoryButton.swift */; };
		E8F032B3296D702C0013E895 /* UIView + ext.swift in Sources */ = {isa = PBXBuildFile; fileRef = E8F032B2296D702C0013E895 /* UIView + ext.swift */; };
		E8F5E005296D644500AAE3D0 /* WelcomeNavView.swift in Sources */ = {isa = PBXBuildFile; fileRef = E8F5E004296D644500AAE3D0 /* WelcomeNavView.swift */; };
		E8F5E007296D6A7400AAE3D0 /* WelcomeViewController.swift in Sources */ = {isa = PBXBuildFile; fileRef = E8F5E006296D6A7400AAE3D0 /* WelcomeViewController.swift */; };
		E8F8B05F28F35A980038F702 /* AppDelegate.swift in Sources */ = {isa = PBXBuildFile; fileRef = E8F8B05E28F35A980038F702 /* AppDelegate.swift */; };
		E8F8B06128F35A980038F702 /* SceneDelegate.swift in Sources */ = {isa = PBXBuildFile; fileRef = E8F8B06028F35A980038F702 /* SceneDelegate.swift */; };
		E8F8B06328F35A980038F702 /* MainController.swift in Sources */ = {isa = PBXBuildFile; fileRef = E8F8B06228F35A980038F702 /* MainController.swift */; };
		E8F8B06828F35A990038F702 /* Assets.xcassets in Resources */ = {isa = PBXBuildFile; fileRef = E8F8B06728F35A990038F702 /* Assets.xcassets */; };
		E8F8B06B28F35A990038F702 /* LaunchScreen.storyboard in Resources */ = {isa = PBXBuildFile; fileRef = E8F8B06928F35A990038F702 /* LaunchScreen.storyboard */; };
		E8F8B07628F35C250038F702 /* AppCoordinator.swift in Sources */ = {isa = PBXBuildFile; fileRef = E8F8B07528F35C250038F702 /* AppCoordinator.swift */; };
		E8F8B07828F35C3D0038F702 /* MainRouter.swift in Sources */ = {isa = PBXBuildFile; fileRef = E8F8B07728F35C3D0038F702 /* MainRouter.swift */; };
/* End PBXBuildFile section */

/* Begin PBXFileReference section */
		882C3EEEB65730EF32226B58 /* Pods-FlashCa.release.xcconfig */ = {isa = PBXFileReference; includeInIndex = 1; lastKnownFileType = text.xcconfig; name = "Pods-FlashCa.release.xcconfig"; path = "Target Support Files/Pods-FlashCa/Pods-FlashCa.release.xcconfig"; sourceTree = "<group>"; };
		E005C231DAACD68264C6D922 /* Pods-FlashCa.debug.xcconfig */ = {isa = PBXFileReference; includeInIndex = 1; lastKnownFileType = text.xcconfig; name = "Pods-FlashCa.debug.xcconfig"; path = "Target Support Files/Pods-FlashCa/Pods-FlashCa.debug.xcconfig"; sourceTree = "<group>"; };
		E80BA3D128FC86E90044BDD2 /* MainView.swift */ = {isa = PBXFileReference; lastKnownFileType = sourcecode.swift; path = MainView.swift; sourceTree = "<group>"; };
		E816C65E2979466A002F3D62 /* StorageManager.swift */ = {isa = PBXFileReference; lastKnownFileType = sourcecode.swift; path = StorageManager.swift; sourceTree = "<group>"; };
		E816C661297946D7002F3D62 /* Category.swift */ = {isa = PBXFileReference; lastKnownFileType = sourcecode.swift; path = Category.swift; sourceTree = "<group>"; };
		E816C663297946E4002F3D62 /* Card.swift */ = {isa = PBXFileReference; lastKnownFileType = sourcecode.swift; path = Card.swift; sourceTree = "<group>"; };
		E8419E4F28FC693B0069B2A4 /* SettingsController.swift */ = {isa = PBXFileReference; lastKnownFileType = sourcecode.swift; path = SettingsController.swift; sourceTree = "<group>"; };
		E84251B72968BD21005F7BCB /* SettingsView.swift */ = {isa = PBXFileReference; lastKnownFileType = sourcecode.swift; path = SettingsView.swift; sourceTree = "<group>"; };
		E84251B92968BDDB005F7BCB /* SettingsTVCell.swift */ = {isa = PBXFileReference; lastKnownFileType = sourcecode.swift; path = SettingsTVCell.swift; sourceTree = "<group>"; };
		E84A9BC7296F27F10036B3BF /* RandomFlashView.swift */ = {isa = PBXFileReference; lastKnownFileType = sourcecode.swift; path = RandomFlashView.swift; sourceTree = "<group>"; };
		E84ACE36297339920060AA95 /* CategoriesView.swift */ = {isa = PBXFileReference; lastKnownFileType = sourcecode.swift; path = CategoriesView.swift; sourceTree = "<group>"; };
		E84ACE3829733C2C0060AA95 /* LeftAlignedCollectionViewFlowLayout.swift */ = {isa = PBXFileReference; lastKnownFileType = sourcecode.swift; path = LeftAlignedCollectionViewFlowLayout.swift; sourceTree = "<group>"; };
		E84ACE3A29733CC70060AA95 /* CategoriesCollectionViewCell.swift */ = {isa = PBXFileReference; lastKnownFileType = sourcecode.swift; path = CategoriesCollectionViewCell.swift; sourceTree = "<group>"; };
		E84C1414296C742D0088EE43 /* Resources.swift */ = {isa = PBXFileReference; lastKnownFileType = sourcecode.swift; path = Resources.swift; sourceTree = "<group>"; };
		E85CC9B5297F1AFA00C774D5 /* SoloCategoryController.swift */ = {isa = PBXFileReference; lastKnownFileType = sourcecode.swift; path = SoloCategoryController.swift; sourceTree = "<group>"; };
		E85CC9B7297F1B0A00C774D5 /* SoloCategoryView.swift */ = {isa = PBXFileReference; lastKnownFileType = sourcecode.swift; path = SoloCategoryView.swift; sourceTree = "<group>"; };
		E8849CDD2977EE5200CC414B /* ImageButton.swift */ = {isa = PBXFileReference; lastKnownFileType = sourcecode.swift; path = ImageButton.swift; sourceTree = "<group>"; };
		E88E6CCB296ABADD007B86E1 /* CategoriesController.swift */ = {isa = PBXFileReference; lastKnownFileType = sourcecode.swift; path = CategoriesController.swift; sourceTree = "<group>"; };
		E8F032AC296D6B950013E895 /* WelcomeView.swift */ = {isa = PBXFileReference; lastKnownFileType = sourcecode.swift; path = WelcomeView.swift; sourceTree = "<group>"; };
		E8F032AF296D6FD20013E895 /* CurrentCategoryButton.swift */ = {isa = PBXFileReference; lastKnownFileType = sourcecode.swift; path = CurrentCategoryButton.swift; sourceTree = "<group>"; };
		E8F032B2296D702C0013E895 /* UIView + ext.swift */ = {isa = PBXFileReference; lastKnownFileType = sourcecode.swift; path = "UIView + ext.swift"; sourceTree = "<group>"; };
		E8F5E004296D644500AAE3D0 /* WelcomeNavView.swift */ = {isa = PBXFileReference; lastKnownFileType = sourcecode.swift; path = WelcomeNavView.swift; sourceTree = "<group>"; };
		E8F5E006296D6A7400AAE3D0 /* WelcomeViewController.swift */ = {isa = PBXFileReference; lastKnownFileType = sourcecode.swift; path = WelcomeViewController.swift; sourceTree = "<group>"; };
		E8F8B05B28F35A980038F702 /* FlashCa.app */ = {isa = PBXFileReference; explicitFileType = wrapper.application; includeInIndex = 0; path = FlashCa.app; sourceTree = BUILT_PRODUCTS_DIR; };
		E8F8B05E28F35A980038F702 /* AppDelegate.swift */ = {isa = PBXFileReference; lastKnownFileType = sourcecode.swift; path = AppDelegate.swift; sourceTree = "<group>"; };
		E8F8B06028F35A980038F702 /* SceneDelegate.swift */ = {isa = PBXFileReference; lastKnownFileType = sourcecode.swift; path = SceneDelegate.swift; sourceTree = "<group>"; };
		E8F8B06228F35A980038F702 /* MainController.swift */ = {isa = PBXFileReference; lastKnownFileType = sourcecode.swift; path = MainController.swift; sourceTree = "<group>"; };
		E8F8B06728F35A990038F702 /* Assets.xcassets */ = {isa = PBXFileReference; lastKnownFileType = folder.assetcatalog; path = Assets.xcassets; sourceTree = "<group>"; };
		E8F8B06A28F35A990038F702 /* Base */ = {isa = PBXFileReference; lastKnownFileType = file.storyboard; name = Base; path = Base.lproj/LaunchScreen.storyboard; sourceTree = "<group>"; };
		E8F8B06C28F35A990038F702 /* Info.plist */ = {isa = PBXFileReference; lastKnownFileType = text.plist.xml; path = Info.plist; sourceTree = "<group>"; };
		E8F8B07528F35C250038F702 /* AppCoordinator.swift */ = {isa = PBXFileReference; lastKnownFileType = sourcecode.swift; path = AppCoordinator.swift; sourceTree = "<group>"; };
		E8F8B07728F35C3D0038F702 /* MainRouter.swift */ = {isa = PBXFileReference; lastKnownFileType = sourcecode.swift; path = MainRouter.swift; sourceTree = "<group>"; };
		FE890BFF8224A7837BB7FF13 /* Pods_FlashCa.framework */ = {isa = PBXFileReference; explicitFileType = wrapper.framework; includeInIndex = 0; path = Pods_FlashCa.framework; sourceTree = BUILT_PRODUCTS_DIR; };
/* End PBXFileReference section */

/* Begin PBXFrameworksBuildPhase section */
		E8F8B05828F35A980038F702 /* Frameworks */ = {
			isa = PBXFrameworksBuildPhase;
			buildActionMask = 2147483647;
			files = (
				B12EF047926E0AF415AF61BE /* Pods_FlashCa.framework in Frameworks */,
			);
			runOnlyForDeploymentPostprocessing = 0;
		};
/* End PBXFrameworksBuildPhase section */

/* Begin PBXGroup section */
		6DCAD8087BB333531F343071 /* Pods */ = {
			isa = PBXGroup;
			children = (
				E005C231DAACD68264C6D922 /* Pods-FlashCa.debug.xcconfig */,
				882C3EEEB65730EF32226B58 /* Pods-FlashCa.release.xcconfig */,
			);
			path = Pods;
			sourceTree = "<group>";
		};
		BFC28B840C614D513EE0185F /* Frameworks */ = {
			isa = PBXGroup;
			children = (
				FE890BFF8224A7837BB7FF13 /* Pods_FlashCa.framework */,
			);
			name = Frameworks;
			sourceTree = "<group>";
		};
		E80BA3D028FC86500044BDD2 /* Main */ = {
			isa = PBXGroup;
			children = (
				E8F5E003296D643200AAE3D0 /* Views */,
				E8F8B06228F35A980038F702 /* MainController.swift */,
				E80BA3D128FC86E90044BDD2 /* MainView.swift */,
			);
			path = Main;
			sourceTree = "<group>";
		};
		E816C660297946BF002F3D62 /* Models */ = {
			isa = PBXGroup;
			children = (
				E816C661297946D7002F3D62 /* Category.swift */,
				E816C663297946E4002F3D62 /* Card.swift */,
			);
			path = Models;
			sourceTree = "<group>";
		};
		E85CC9B4297F1ACE00C774D5 /* SoloCategory */ = {
			isa = PBXGroup;
			children = (
				E85CC9B5297F1AFA00C774D5 /* SoloCategoryController.swift */,
				E85CC9B7297F1B0A00C774D5 /* SoloCategoryView.swift */,
			);
			path = SoloCategory;
			sourceTree = "<group>";
		};
		E88741C9295C603D00AAC920 /* Extension */ = {
			isa = PBXGroup;
			children = (
				E8F032B2296D702C0013E895 /* UIView + ext.swift */,
			);
			path = Extension;
			sourceTree = "<group>";
		};
		E88741CA295C605400AAC920 /* Components */ = {
			isa = PBXGroup;
			children = (
				E84ACE3829733C2C0060AA95 /* LeftAlignedCollectionViewFlowLayout.swift */,
				E8849CDD2977EE5200CC414B /* ImageButton.swift */,
			);
			path = Components;
			sourceTree = "<group>";
		};
		E88E6CCA296ABA5C007B86E1 /* Categories */ = {
			isa = PBXGroup;
			children = (
				E88E6CCB296ABADD007B86E1 /* CategoriesController.swift */,
				E84ACE36297339920060AA95 /* CategoriesView.swift */,
				E84ACE3A29733CC70060AA95 /* CategoriesCollectionViewCell.swift */,
			);
			path = Categories;
			sourceTree = "<group>";
		};
		E8E5BB832900968B0049A07A /* Settings */ = {
			isa = PBXGroup;
			children = (
				E8419E4F28FC693B0069B2A4 /* SettingsController.swift */,
				E84251B92968BDDB005F7BCB /* SettingsTVCell.swift */,
				E84251B72968BD21005F7BCB /* SettingsView.swift */,
			);
			path = Settings;
			sourceTree = "<group>";
		};
		E8F032AE296D6C3C0013E895 /* Views */ = {
			isa = PBXGroup;
			children = (
				E8F032AF296D6FD20013E895 /* CurrentCategoryButton.swift */,
				E84A9BC7296F27F10036B3BF /* RandomFlashView.swift */,
			);
			path = Views;
			sourceTree = "<group>";
		};
		E8F032B1296D70080013E895 /* Helpers */ = {
			isa = PBXGroup;
			children = (
				E84C1414296C742D0088EE43 /* Resources.swift */,
				E816C65E2979466A002F3D62 /* StorageManager.swift */,
				E88741C9295C603D00AAC920 /* Extension */,
			);
			path = Helpers;
			sourceTree = "<group>";
		};
		E8F5E003296D643200AAE3D0 /* Views */ = {
			isa = PBXGroup;
			children = (
				E8F5E004296D644500AAE3D0 /* WelcomeNavView.swift */,
			);
			path = Views;
			sourceTree = "<group>";
		};
		E8F8B05228F35A980038F702 = {
			isa = PBXGroup;
			children = (
				E8F8B05D28F35A980038F702 /* FlashCa */,
				E8F8B05C28F35A980038F702 /* Products */,
				6DCAD8087BB333531F343071 /* Pods */,
				BFC28B840C614D513EE0185F /* Frameworks */,
			);
			sourceTree = "<group>";
		};
		E8F8B05C28F35A980038F702 /* Products */ = {
			isa = PBXGroup;
			children = (
				E8F8B05B28F35A980038F702 /* FlashCa.app */,
			);
			name = Products;
			sourceTree = "<group>";
		};
		E8F8B05D28F35A980038F702 /* FlashCa */ = {
			isa = PBXGroup;
			children = (
				E816C660297946BF002F3D62 /* Models */,
				E8F032B1296D70080013E895 /* Helpers */,
				E88741CA295C605400AAC920 /* Components */,
				E8F8B07228F35ADF0038F702 /* Application */,
				E8F8B07328F35AF10038F702 /* Resources */,
				E8F8B07428F35B440038F702 /* ViewControllers */,
			);
			path = FlashCa;
			sourceTree = "<group>";
		};
		E8F8B07228F35ADF0038F702 /* Application */ = {
			isa = PBXGroup;
			children = (
				E8F8B05E28F35A980038F702 /* AppDelegate.swift */,
				E8F8B06028F35A980038F702 /* SceneDelegate.swift */,
				E8F8B07528F35C250038F702 /* AppCoordinator.swift */,
				E8F8B07728F35C3D0038F702 /* MainRouter.swift */,
			);
			path = Application;
			sourceTree = "<group>";
		};
		E8F8B07328F35AF10038F702 /* Resources */ = {
			isa = PBXGroup;
			children = (
				E8F8B06728F35A990038F702 /* Assets.xcassets */,
				E8F8B06928F35A990038F702 /* LaunchScreen.storyboard */,
				E8F8B06C28F35A990038F702 /* Info.plist */,
			);
			path = Resources;
			sourceTree = "<group>";
		};
		E8F8B07428F35B440038F702 /* ViewControllers */ = {
			isa = PBXGroup;
			children = (
				E85CC9B4297F1ACE00C774D5 /* SoloCategory */,
				E8F032AE296D6C3C0013E895 /* Views */,
				E8F5E006296D6A7400AAE3D0 /* WelcomeViewController.swift */,
				E8F032AC296D6B950013E895 /* WelcomeView.swift */,
				E88E6CCA296ABA5C007B86E1 /* Categories */,
				E8E5BB832900968B0049A07A /* Settings */,
				E80BA3D028FC86500044BDD2 /* Main */,
			);
			path = ViewControllers;
			sourceTree = "<group>";
		};
/* End PBXGroup section */

/* Begin PBXNativeTarget section */
		E8F8B05A28F35A980038F702 /* FlashCa */ = {
			isa = PBXNativeTarget;
			buildConfigurationList = E8F8B06F28F35A990038F702 /* Build configuration list for PBXNativeTarget "FlashCa" */;
			buildPhases = (
				251956A7C21E08DCC812FA12 /* [CP] Check Pods Manifest.lock */,
				E8F8B05728F35A980038F702 /* Sources */,
				E8F8B05828F35A980038F702 /* Frameworks */,
				E8F8B05928F35A980038F702 /* Resources */,
				B42353810FA5C7C9CC12C858 /* [CP] Embed Pods Frameworks */,
			);
			buildRules = (
			);
			dependencies = (
			);
			name = FlashCa;
			productName = FlashCa;
			productReference = E8F8B05B28F35A980038F702 /* FlashCa.app */;
			productType = "com.apple.product-type.application";
		};
/* End PBXNativeTarget section */

/* Begin PBXProject section */
		E8F8B05328F35A980038F702 /* Project object */ = {
			isa = PBXProject;
			attributes = {
				BuildIndependentTargetsInParallel = 1;
				LastSwiftUpdateCheck = 1340;
				LastUpgradeCheck = 1340;
				TargetAttributes = {
					E8F8B05A28F35A980038F702 = {
						CreatedOnToolsVersion = 13.4.1;
					};
				};
			};
			buildConfigurationList = E8F8B05628F35A980038F702 /* Build configuration list for PBXProject "FlashCa" */;
			compatibilityVersion = "Xcode 13.0";
			developmentRegion = en;
			hasScannedForEncodings = 0;
			knownRegions = (
				en,
				Base,
			);
			mainGroup = E8F8B05228F35A980038F702;
			productRefGroup = E8F8B05C28F35A980038F702 /* Products */;
			projectDirPath = "";
			projectRoot = "";
			targets = (
				E8F8B05A28F35A980038F702 /* FlashCa */,
			);
		};
/* End PBXProject section */

/* Begin PBXResourcesBuildPhase section */
		E8F8B05928F35A980038F702 /* Resources */ = {
			isa = PBXResourcesBuildPhase;
			buildActionMask = 2147483647;
			files = (
				E8F8B06B28F35A990038F702 /* LaunchScreen.storyboard in Resources */,
				E8F8B06828F35A990038F702 /* Assets.xcassets in Resources */,
			);
			runOnlyForDeploymentPostprocessing = 0;
		};
/* End PBXResourcesBuildPhase section */

/* Begin PBXShellScriptBuildPhase section */
		251956A7C21E08DCC812FA12 /* [CP] Check Pods Manifest.lock */ = {
			isa = PBXShellScriptBuildPhase;
			buildActionMask = 2147483647;
			files = (
			);
			inputFileListPaths = (
			);
			inputPaths = (
				"${PODS_PODFILE_DIR_PATH}/Podfile.lock",
				"${PODS_ROOT}/Manifest.lock",
			);
			name = "[CP] Check Pods Manifest.lock";
			outputFileListPaths = (
			);
			outputPaths = (
				"$(DERIVED_FILE_DIR)/Pods-FlashCa-checkManifestLockResult.txt",
			);
			runOnlyForDeploymentPostprocessing = 0;
			shellPath = /bin/sh;
			shellScript = "diff \"${PODS_PODFILE_DIR_PATH}/Podfile.lock\" \"${PODS_ROOT}/Manifest.lock\" > /dev/null\nif [ $? != 0 ] ; then\n    # print error to STDERR\n    echo \"error: The sandbox is not in sync with the Podfile.lock. Run 'pod install' or update your CocoaPods installation.\" >&2\n    exit 1\nfi\n# This output is used by Xcode 'outputs' to avoid re-running this script phase.\necho \"SUCCESS\" > \"${SCRIPT_OUTPUT_FILE_0}\"\n";
			showEnvVarsInLog = 0;
		};
		B42353810FA5C7C9CC12C858 /* [CP] Embed Pods Frameworks */ = {
			isa = PBXShellScriptBuildPhase;
			buildActionMask = 2147483647;
			files = (
			);
			inputFileListPaths = (
				"${PODS_ROOT}/Target Support Files/Pods-FlashCa/Pods-FlashCa-frameworks-${CONFIGURATION}-input-files.xcfilelist",
			);
			name = "[CP] Embed Pods Frameworks";
			outputFileListPaths = (
				"${PODS_ROOT}/Target Support Files/Pods-FlashCa/Pods-FlashCa-frameworks-${CONFIGURATION}-output-files.xcfilelist",
			);
			runOnlyForDeploymentPostprocessing = 0;
			shellPath = /bin/sh;
			shellScript = "\"${PODS_ROOT}/Target Support Files/Pods-FlashCa/Pods-FlashCa-frameworks.sh\"\n";
			showEnvVarsInLog = 0;
		};
/* End PBXShellScriptBuildPhase section */

/* Begin PBXSourcesBuildPhase section */
		E8F8B05728F35A980038F702 /* Sources */ = {
			isa = PBXSourcesBuildPhase;
			buildActionMask = 2147483647;
			files = (
				E8F8B07828F35C3D0038F702 /* MainRouter.swift in Sources */,
				E88E6CCC296ABADD007B86E1 /* CategoriesController.swift in Sources */,
				E84251BA2968BDDB005F7BCB /* SettingsTVCell.swift in Sources */,
				E8F032AD296D6B950013E895 /* WelcomeView.swift in Sources */,
				E8849CDE2977EE5200CC414B /* ImageButton.swift in Sources */,
				E84ACE3929733C2C0060AA95 /* LeftAlignedCollectionViewFlowLayout.swift in Sources */,
				E8F8B07628F35C250038F702 /* AppCoordinator.swift in Sources */,
				E85CC9B8297F1B0A00C774D5 /* SoloCategoryView.swift in Sources */,
				E816C664297946E4002F3D62 /* Card.swift in Sources */,
				E80BA3D228FC86E90044BDD2 /* MainView.swift in Sources */,
				E85CC9B6297F1AFA00C774D5 /* SoloCategoryController.swift in Sources */,
				E84A9BC8296F27F10036B3BF /* RandomFlashView.swift in Sources */,
				E8F8B06328F35A980038F702 /* MainController.swift in Sources */,
				E8F5E007296D6A7400AAE3D0 /* WelcomeViewController.swift in Sources */,
				E8F8B05F28F35A980038F702 /* AppDelegate.swift in Sources */,
				E8F8B06128F35A980038F702 /* SceneDelegate.swift in Sources */,
				E816C65F2979466A002F3D62 /* StorageManager.swift in Sources */,
				E816C662297946D7002F3D62 /* Category.swift in Sources */,
				E8F032B3296D702C0013E895 /* UIView + ext.swift in Sources */,
				E8419E5028FC693C0069B2A4 /* SettingsController.swift in Sources */,
				E84ACE3B29733CC70060AA95 /* CategoriesCollectionViewCell.swift in Sources */,
				E84251B82968BD21005F7BCB /* SettingsView.swift in Sources */,
				E84ACE37297339920060AA95 /* CategoriesView.swift in Sources */,
				E84C1415296C742D0088EE43 /* Resources.swift in Sources */,
				E8F5E005296D644500AAE3D0 /* WelcomeNavView.swift in Sources */,
				E8F032B0296D6FD20013E895 /* CurrentCategoryButton.swift in Sources */,
			);
			runOnlyForDeploymentPostprocessing = 0;
		};
/* End PBXSourcesBuildPhase section */

/* Begin PBXVariantGroup section */
		E8F8B06928F35A990038F702 /* LaunchScreen.storyboard */ = {
			isa = PBXVariantGroup;
			children = (
				E8F8B06A28F35A990038F702 /* Base */,
			);
			name = LaunchScreen.storyboard;
			sourceTree = "<group>";
		};
/* End PBXVariantGroup section */

/* Begin XCBuildConfiguration section */
		E8F8B06D28F35A990038F702 /* Debug */ = {
			isa = XCBuildConfiguration;
			buildSettings = {
				ALWAYS_SEARCH_USER_PATHS = NO;
				CLANG_ANALYZER_NONNULL = YES;
				CLANG_ANALYZER_NUMBER_OBJECT_CONVERSION = YES_AGGRESSIVE;
				CLANG_CXX_LANGUAGE_STANDARD = "gnu++17";
				CLANG_ENABLE_MODULES = YES;
				CLANG_ENABLE_OBJC_ARC = YES;
				CLANG_ENABLE_OBJC_WEAK = YES;
				CLANG_WARN_BLOCK_CAPTURE_AUTORELEASING = YES;
				CLANG_WARN_BOOL_CONVERSION = YES;
				CLANG_WARN_COMMA = YES;
				CLANG_WARN_CONSTANT_CONVERSION = YES;
				CLANG_WARN_DEPRECATED_OBJC_IMPLEMENTATIONS = YES;
				CLANG_WARN_DIRECT_OBJC_ISA_USAGE = YES_ERROR;
				CLANG_WARN_DOCUMENTATION_COMMENTS = YES;
				CLANG_WARN_EMPTY_BODY = YES;
				CLANG_WARN_ENUM_CONVERSION = YES;
				CLANG_WARN_INFINITE_RECURSION = YES;
				CLANG_WARN_INT_CONVERSION = YES;
				CLANG_WARN_NON_LITERAL_NULL_CONVERSION = YES;
				CLANG_WARN_OBJC_IMPLICIT_RETAIN_SELF = YES;
				CLANG_WARN_OBJC_LITERAL_CONVERSION = YES;
				CLANG_WARN_OBJC_ROOT_CLASS = YES_ERROR;
				CLANG_WARN_QUOTED_INCLUDE_IN_FRAMEWORK_HEADER = YES;
				CLANG_WARN_RANGE_LOOP_ANALYSIS = YES;
				CLANG_WARN_STRICT_PROTOTYPES = YES;
				CLANG_WARN_SUSPICIOUS_MOVE = YES;
				CLANG_WARN_UNGUARDED_AVAILABILITY = YES_AGGRESSIVE;
				CLANG_WARN_UNREACHABLE_CODE = YES;
				CLANG_WARN__DUPLICATE_METHOD_MATCH = YES;
				COPY_PHASE_STRIP = NO;
				DEBUG_INFORMATION_FORMAT = dwarf;
				ENABLE_STRICT_OBJC_MSGSEND = YES;
				ENABLE_TESTABILITY = YES;
				GCC_C_LANGUAGE_STANDARD = gnu11;
				GCC_DYNAMIC_NO_PIC = NO;
				GCC_NO_COMMON_BLOCKS = YES;
				GCC_OPTIMIZATION_LEVEL = 0;
				GCC_PREPROCESSOR_DEFINITIONS = (
					"DEBUG=1",
					"$(inherited)",
				);
				GCC_WARN_64_TO_32_BIT_CONVERSION = YES;
				GCC_WARN_ABOUT_RETURN_TYPE = YES_ERROR;
				GCC_WARN_UNDECLARED_SELECTOR = YES;
				GCC_WARN_UNINITIALIZED_AUTOS = YES_AGGRESSIVE;
				GCC_WARN_UNUSED_FUNCTION = YES;
				GCC_WARN_UNUSED_VARIABLE = YES;
				IPHONEOS_DEPLOYMENT_TARGET = 13.0;
				MTL_ENABLE_DEBUG_INFO = INCLUDE_SOURCE;
				MTL_FAST_MATH = YES;
				ONLY_ACTIVE_ARCH = YES;
				SDKROOT = iphoneos;
				SWIFT_ACTIVE_COMPILATION_CONDITIONS = DEBUG;
				SWIFT_OPTIMIZATION_LEVEL = "-Onone";
			};
			name = Debug;
		};
		E8F8B06E28F35A990038F702 /* Release */ = {
			isa = XCBuildConfiguration;
			buildSettings = {
				ALWAYS_SEARCH_USER_PATHS = NO;
				CLANG_ANALYZER_NONNULL = YES;
				CLANG_ANALYZER_NUMBER_OBJECT_CONVERSION = YES_AGGRESSIVE;
				CLANG_CXX_LANGUAGE_STANDARD = "gnu++17";
				CLANG_ENABLE_MODULES = YES;
				CLANG_ENABLE_OBJC_ARC = YES;
				CLANG_ENABLE_OBJC_WEAK = YES;
				CLANG_WARN_BLOCK_CAPTURE_AUTORELEASING = YES;
				CLANG_WARN_BOOL_CONVERSION = YES;
				CLANG_WARN_COMMA = YES;
				CLANG_WARN_CONSTANT_CONVERSION = YES;
				CLANG_WARN_DEPRECATED_OBJC_IMPLEMENTATIONS = YES;
				CLANG_WARN_DIRECT_OBJC_ISA_USAGE = YES_ERROR;
				CLANG_WARN_DOCUMENTATION_COMMENTS = YES;
				CLANG_WARN_EMPTY_BODY = YES;
				CLANG_WARN_ENUM_CONVERSION = YES;
				CLANG_WARN_INFINITE_RECURSION = YES;
				CLANG_WARN_INT_CONVERSION = YES;
				CLANG_WARN_NON_LITERAL_NULL_CONVERSION = YES;
				CLANG_WARN_OBJC_IMPLICIT_RETAIN_SELF = YES;
				CLANG_WARN_OBJC_LITERAL_CONVERSION = YES;
				CLANG_WARN_OBJC_ROOT_CLASS = YES_ERROR;
				CLANG_WARN_QUOTED_INCLUDE_IN_FRAMEWORK_HEADER = YES;
				CLANG_WARN_RANGE_LOOP_ANALYSIS = YES;
				CLANG_WARN_STRICT_PROTOTYPES = YES;
				CLANG_WARN_SUSPICIOUS_MOVE = YES;
				CLANG_WARN_UNGUARDED_AVAILABILITY = YES_AGGRESSIVE;
				CLANG_WARN_UNREACHABLE_CODE = YES;
				CLANG_WARN__DUPLICATE_METHOD_MATCH = YES;
				COPY_PHASE_STRIP = NO;
				DEBUG_INFORMATION_FORMAT = "dwarf-with-dsym";
				ENABLE_NS_ASSERTIONS = NO;
				ENABLE_STRICT_OBJC_MSGSEND = YES;
				GCC_C_LANGUAGE_STANDARD = gnu11;
				GCC_NO_COMMON_BLOCKS = YES;
				GCC_WARN_64_TO_32_BIT_CONVERSION = YES;
				GCC_WARN_ABOUT_RETURN_TYPE = YES_ERROR;
				GCC_WARN_UNDECLARED_SELECTOR = YES;
				GCC_WARN_UNINITIALIZED_AUTOS = YES_AGGRESSIVE;
				GCC_WARN_UNUSED_FUNCTION = YES;
				GCC_WARN_UNUSED_VARIABLE = YES;
				IPHONEOS_DEPLOYMENT_TARGET = 13.0;
				MTL_ENABLE_DEBUG_INFO = NO;
				MTL_FAST_MATH = YES;
				SDKROOT = iphoneos;
				SWIFT_COMPILATION_MODE = wholemodule;
				SWIFT_OPTIMIZATION_LEVEL = "-O";
				VALIDATE_PRODUCT = YES;
			};
			name = Release;
		};
		E8F8B07028F35A990038F702 /* Debug */ = {
			isa = XCBuildConfiguration;
			baseConfigurationReference = E005C231DAACD68264C6D922 /* Pods-FlashCa.debug.xcconfig */;
			buildSettings = {
				ASSETCATALOG_COMPILER_APPICON_NAME = AppIcon;
				ASSETCATALOG_COMPILER_GLOBAL_ACCENT_COLOR_NAME = AccentColor;
				CODE_SIGN_STYLE = Automatic;
				CURRENT_PROJECT_VERSION = 1;
				DEVELOPMENT_TEAM = 2Q7FR5CHKB;
				GENERATE_INFOPLIST_FILE = YES;
				INFOPLIST_FILE = FlashCa/Resources/Info.plist;
				INFOPLIST_KEY_UIApplicationSupportsIndirectInputEvents = YES;
				INFOPLIST_KEY_UILaunchStoryboardName = LaunchScreen;
				INFOPLIST_KEY_UISupportedInterfaceOrientations_iPad = "UIInterfaceOrientationPortrait UIInterfaceOrientationPortraitUpsideDown UIInterfaceOrientationLandscapeLeft UIInterfaceOrientationLandscapeRight";
				INFOPLIST_KEY_UISupportedInterfaceOrientations_iPhone = "UIInterfaceOrientationPortrait UIInterfaceOrientationLandscapeLeft UIInterfaceOrientationLandscapeRight";
				LD_RUNPATH_SEARCH_PATHS = (
					"$(inherited)",
					"@executable_path/Frameworks",
				);
				MARKETING_VERSION = 1.0;
				PRODUCT_BUNDLE_IDENTIFIER = reyganstorm.FlashCa;
				PRODUCT_NAME = "$(TARGET_NAME)";
				SWIFT_EMIT_LOC_STRINGS = YES;
				SWIFT_VERSION = 5.0;
				TARGETED_DEVICE_FAMILY = "1,2";
			};
			name = Debug;
		};
		E8F8B07128F35A990038F702 /* Release */ = {
			isa = XCBuildConfiguration;
			baseConfigurationReference = 882C3EEEB65730EF32226B58 /* Pods-FlashCa.release.xcconfig */;
			buildSettings = {
				ASSETCATALOG_COMPILER_APPICON_NAME = AppIcon;
				ASSETCATALOG_COMPILER_GLOBAL_ACCENT_COLOR_NAME = AccentColor;
				CODE_SIGN_STYLE = Automatic;
				CURRENT_PROJECT_VERSION = 1;
				DEVELOPMENT_TEAM = 2Q7FR5CHKB;
				GENERATE_INFOPLIST_FILE = YES;
				INFOPLIST_FILE = FlashCa/Resources/Info.plist;
				INFOPLIST_KEY_UIApplicationSupportsIndirectInputEvents = YES;
				INFOPLIST_KEY_UILaunchStoryboardName = LaunchScreen;
				INFOPLIST_KEY_UISupportedInterfaceOrientations_iPad = "UIInterfaceOrientationPortrait UIInterfaceOrientationPortraitUpsideDown UIInterfaceOrientationLandscapeLeft UIInterfaceOrientationLandscapeRight";
				INFOPLIST_KEY_UISupportedInterfaceOrientations_iPhone = "UIInterfaceOrientationPortrait UIInterfaceOrientationLandscapeLeft UIInterfaceOrientationLandscapeRight";
				LD_RUNPATH_SEARCH_PATHS = (
					"$(inherited)",
					"@executable_path/Frameworks",
				);
				MARKETING_VERSION = 1.0;
				PRODUCT_BUNDLE_IDENTIFIER = reyganstorm.FlashCa;
				PRODUCT_NAME = "$(TARGET_NAME)";
				SWIFT_EMIT_LOC_STRINGS = YES;
				SWIFT_VERSION = 5.0;
				TARGETED_DEVICE_FAMILY = "1,2";
			};
			name = Release;
		};
/* End XCBuildConfiguration section */

/* Begin XCConfigurationList section */
		E8F8B05628F35A980038F702 /* Build configuration list for PBXProject "FlashCa" */ = {
			isa = XCConfigurationList;
			buildConfigurations = (
				E8F8B06D28F35A990038F702 /* Debug */,
				E8F8B06E28F35A990038F702 /* Release */,
			);
			defaultConfigurationIsVisible = 0;
			defaultConfigurationName = Release;
		};
		E8F8B06F28F35A990038F702 /* Build configuration list for PBXNativeTarget "FlashCa" */ = {
			isa = XCConfigurationList;
			buildConfigurations = (
				E8F8B07028F35A990038F702 /* Debug */,
				E8F8B07128F35A990038F702 /* Release */,
			);
			defaultConfigurationIsVisible = 0;
			defaultConfigurationName = Release;
		};
/* End XCConfigurationList section */
	};
	rootObject = E8F8B05328F35A980038F702 /* Project object */;
}
